
Microsoft Visual Studio Solution File, Format Version 12.00
# Visual Studio Version 16
VisualStudioVersion = 16.0.30105.148
MinimumVisualStudioVersion = 10.0.40219.1
Project("{FAE04EC0-301F-11D3-BF4B-00C04F79EFBC}") = "TestNumberSystem", "TestNumberSystem\TestNumberSystem.csproj", "{652A58EF-6020-412D-8113-32B81D060CC1}"
EndProject
Global
	GlobalSection(SolutionConfigurationPlatforms) = preSolution
		Debug|Any CPU = Debug|Any CPU
		Release|Any CPU = Release|Any CPU
	EndGlobalSection
	GlobalSection(ProjectConfigurationPlatforms) = postSolution
		{652A58EF-6020-412D-8113-32B81D060CC1}.Debug|Any CPU.ActiveCfg = Debug|Any CPU
		{652A58EF-6020-412D-8113-32B81D060CC1}.Debug|Any CPU.Build.0 = Debug|Any CPU
		{652A58EF-6020-412D-8113-32B81D060CC1}.Release|Any CPU.ActiveCfg = Release|Any CPU
		{652A58EF-6020-412D-8113-32B81D060CC1}.Release|Any CPU.Build.0 = Release|Any CPU
	EndGlobalSection
	GlobalSection(SolutionProperties) = preSolution
		HideSolutionNode = FALSE
	EndGlobalSection
	GlobalSection(ExtensibilityGlobals) = postSolution
		SolutionGuid = {560528CF-B8E0-4D2D-82D2-2DA6C34D86E4}
	EndGlobalSection
EndGlobal
